
Microsoft Visual Studio Solution File, Format Version 12.00
# Visual Studio 14
VisualStudioVersion = 14.0.25420.1
MinimumVisualStudioVersion = 10.0.40219.1
Project("{FAE04EC0-301F-11D3-BF4B-00C04F79EFBC}") = "Business", "Business\Business.csproj", "{17EA9975-1022-4A9E-81AB-E25DC48D3742}"
EndProject
Project("{FAE04EC0-301F-11D3-BF4B-00C04F79EFBC}") = "WebApp", "WebApp\WebApp.csproj", "{6DC0428A-E00B-4A29-9EAF-BE1454961498}"
EndProject
Project("{FAE04EC0-301F-11D3-BF4B-00C04F79EFBC}") = "WebAppUnitTests", "WebAppUnitTests\WebAppUnitTests.csproj", "{D8E93569-3DEF-4823-A3F8-3869ABC6CEC8}"
EndProject
Global
	GlobalSection(SolutionConfigurationPlatforms) = preSolution
		Debug|Any CPU = Debug|Any CPU
		Release|Any CPU = Release|Any CPU
	EndGlobalSection
	GlobalSection(ProjectConfigurationPlatforms) = postSolution
		{17EA9975-1022-4A9E-81AB-E25DC48D3742}.Debug|Any CPU.ActiveCfg = Debug|Any CPU
		{17EA9975-1022-4A9E-81AB-E25DC48D3742}.Debug|Any CPU.Build.0 = Debug|Any CPU
		{17EA9975-1022-4A9E-81AB-E25DC48D3742}.Release|Any CPU.ActiveCfg = Release|Any CPU
		{17EA9975-1022-4A9E-81AB-E25DC48D3742}.Release|Any CPU.Build.0 = Release|Any CPU
		{6DC0428A-E00B-4A29-9EAF-BE1454961498}.Debug|Any CPU.ActiveCfg = Debug|Any CPU
		{6DC0428A-E00B-4A29-9EAF-BE1454961498}.Debug|Any CPU.Build.0 = Debug|Any CPU
		{6DC0428A-E00B-4A29-9EAF-BE1454961498}.Release|Any CPU.ActiveCfg = Release|Any CPU
		{6DC0428A-E00B-4A29-9EAF-BE1454961498}.Release|Any CPU.Build.0 = Release|Any CPU
		{D8E93569-3DEF-4823-A3F8-3869ABC6CEC8}.Debug|Any CPU.ActiveCfg = Debug|Any CPU
		{D8E93569-3DEF-4823-A3F8-3869ABC6CEC8}.Debug|Any CPU.Build.0 = Debug|Any CPU
		{D8E93569-3DEF-4823-A3F8-3869ABC6CEC8}.Release|Any CPU.ActiveCfg = Release|Any CPU
		{D8E93569-3DEF-4823-A3F8-3869ABC6CEC8}.Release|Any CPU.Build.0 = Release|Any CPU
	EndGlobalSection
	GlobalSection(SolutionProperties) = preSolution
		HideSolutionNode = FALSE
	EndGlobalSection
EndGlobal
